
Microsoft Visual Studio Solution File, Format Version 12.00
# Visual Studio Version 17
VisualStudioVersion = 17.2.32630.192
MinimumVisualStudioVersion = 10.0.40219.1
Project("{FAE04EC0-301F-11D3-BF4B-00C04F79EFBC}") = "LookBusy", "LookBusy\LookBusy.csproj", "{BD319324-04CE-43C7-A805-EDDC472E10D2}"
EndProject
Project("{FAE04EC0-301F-11D3-BF4B-00C04F79EFBC}") = "LookBusy App", "LookBusy App\LookBusy App.csproj", "{8862E32E-B6FF-4C86-955D-27580AD7A89A}"
EndProject
Global
	GlobalSection(SolutionConfigurationPlatforms) = preSolution
		Debug|Any CPU = Debug|Any CPU
		Release|Any CPU = Release|Any CPU
	EndGlobalSection
	GlobalSection(ProjectConfigurationPlatforms) = postSolution
		{BD319324-04CE-43C7-A805-EDDC472E10D2}.Debug|Any CPU.ActiveCfg = Debug|Any CPU
		{BD319324-04CE-43C7-A805-EDDC472E10D2}.Debug|Any CPU.Build.0 = Debug|Any CPU
		{BD319324-04CE-43C7-A805-EDDC472E10D2}.Release|Any CPU.ActiveCfg = Release|Any CPU
		{BD319324-04CE-43C7-A805-EDDC472E10D2}.Release|Any CPU.Build.0 = Release|Any CPU
		{8862E32E-B6FF-4C86-955D-27580AD7A89A}.Debug|Any CPU.ActiveCfg = Debug|Any CPU
		{8862E32E-B6FF-4C86-955D-27580AD7A89A}.Debug|Any CPU.Build.0 = Debug|Any CPU
		{8862E32E-B6FF-4C86-955D-27580AD7A89A}.Release|Any CPU.ActiveCfg = Release|Any CPU
		{8862E32E-B6FF-4C86-955D-27580AD7A89A}.Release|Any CPU.Build.0 = Release|Any CPU
	EndGlobalSection
	GlobalSection(SolutionProperties) = preSolution
		HideSolutionNode = FALSE
	EndGlobalSection
	GlobalSection(ExtensibilityGlobals) = postSolution
		SolutionGuid = {0EA74D94-BF09-443D-8609-AD4C732D936C}
	EndGlobalSection
EndGlobal
